
Microsoft Visual Studio Solution File, Format Version 12.00
# Visual Studio Version 17
VisualStudioVersion = 17.11.35208.52
MinimumVisualStudioVersion = 10.0.40219.1
Project("{FAE04EC0-301F-11D3-BF4B-00C04F79EFBC}") = "backend", "backend\backend.csproj", "{A39E12F8-0F54-4438-8198-5AA1031910F8}"
EndProject
Global
	GlobalSection(SolutionConfigurationPlatforms) = preSolution
		Debug|Any CPU = Debug|Any CPU
		Release|Any CPU = Release|Any CPU
	EndGlobalSection
	GlobalSection(ProjectConfigurationPlatforms) = postSolution
		{A39E12F8-0F54-4438-8198-5AA1031910F8}.Debug|Any CPU.ActiveCfg = Debug|Any CPU
		{A39E12F8-0F54-4438-8198-5AA1031910F8}.Debug|Any CPU.Build.0 = Debug|Any CPU
		{A39E12F8-0F54-4438-8198-5AA1031910F8}.Release|Any CPU.ActiveCfg = Release|Any CPU
		{A39E12F8-0F54-4438-8198-5AA1031910F8}.Release|Any CPU.Build.0 = Release|Any CPU
	EndGlobalSection
	GlobalSection(SolutionProperties) = preSolution
		HideSolutionNode = FALSE
	EndGlobalSection
	GlobalSection(ExtensibilityGlobals) = postSolution
		SolutionGuid = {AF0E1D8F-F3C0-4F97-A3B3-8E7E4768AF6E}
	EndGlobalSection
EndGlobal
